<?xml version="1.0" encoding="utf-8"?>
<Project ToolsVersion="4.0" xmlns="http://schemas.microsoft.com/developer/msbuild/2003">
  <ItemGroup>
    <Filter Include="Source Files">
      <UniqueIdentifier>{4FC737F1-C7A5-4376-A066-2A32D752A2FF}</UniqueIdentifier>
      <Extensions>cpp;c;cc;cxx;def;odl;idl;hpj;bat;asm;asmx</Extensions>
    </Filter>
    <Filter Include="Header Files">
      <UniqueIdentifier>{93995380-89BD-4b04-88EB-625FBE52EBFB}</UniqueIdentifier>
      <Extensions>h;hh;hpp;hxx;hm;inl;inc;xsd</Extensions>
    </Filter>
    <Filter Include="Resource Files">
      <UniqueIdentifier>{67DA6AB6-F800-4c08-8B7A-83BB121AAD01}</UniqueIdentifier>
      <Extensions>rc;ico;cur;bmp;dlg;rc2;rct;bin;rgs;gif;jpg;jpeg;jpe;resx;tiff;tif;png;wav;mfcribbon-ms</Extensions>
    </Filter>
    <Filter Include="Header Files\Objects">
      <UniqueIdentifier>{cbb10bf6-12fd-4025-918e-0a17108e3e59}</UniqueIdentifier>
    </Filter>
    <Filter Include="Header Files\Objects\Test">
      <UniqueIdentifier>{b49a9fa8-5fe7-45f6-bbd3-0972e6f76426}</UniqueIdentifier>
    </Filter>
    <Filter Include="Source Files\Objects">
      <UniqueIdentifier>{352635dd-3d37-4b30-a2e5-e67004fec23f}</UniqueIdentifier>
    </Filter>
    <Filter Include="Source Files\Objects\Test">
      <UniqueIdentifier>{6cfcadc2-f0b6-417a-a4a9-eecef83e4b49}</UniqueIdentifier>
    </Filter>
    <Filter Include="Source Files\Spine">
      <UniqueIdentifier>{ad525819-fb0b-4d80-b7a8-d8ec188cd8dc}</UniqueIdentifier>
    </Filter>
  </ItemGroup>
  <ItemGroup>
    <ClCompile Include="Main.cpp">
      <Filter>Source Files</Filter>
    </ClCompile>
    <ClCompile Include="Game.cpp">
      <Filter>Source Files</Filter>
    </ClCompile>
    <ClCompile Include="GUI.cpp">
      <Filter>Source Files</Filter>
    </ClCompile>
    <ClCompile Include="Renderer.cpp">
      <Filter>Source Files</Filter>
    </ClCompile>
    <ClCompile Include="Bol.cpp">
      <Filter>Source Files\Objects\Test</Filter>
    </ClCompile>
    <ClCompile Include="FPSCounter.cpp">
      <Filter>Source Files\Objects\Test</Filter>
    </ClCompile>
    <ClCompile Include="Scene.cpp">
      <Filter>Source Files</Filter>
    </ClCompile>
    <ClCompile Include="SpineTest.cpp">
      <Filter>Source Files\Objects\Test</Filter>
    </ClCompile>
    <ClCompile Include="spine\spine-sfml.cpp">
      <Filter>Source Files\Spine</Filter>
    </ClCompile>
    <ClCompile Include="spine\SkeletonDrawable.cpp">
      <Filter>Source Files\Spine</Filter>
    </ClCompile>
    <ClCompile Include="spine\Animation.cpp">
      <Filter>Source Files\Spine</Filter>
    </ClCompile>
    <ClCompile Include="spine\Bone.cpp">
      <Filter>Source Files\Spine</Filter>
    </ClCompile>
  </ItemGroup>
  <ItemGroup>
    <ClInclude Include="Renderer.hpp">
      <Filter>Header Files</Filter>
    </ClInclude>
    <ClInclude Include="GUI.hpp">
      <Filter>Header Files</Filter>
    </ClInclude>
    <ClInclude Include="Game.hpp">
      <Filter>Header Files</Filter>
    </ClInclude>
    <ClInclude Include="ChangeListener.hpp">
      <Filter>Header Files</Filter>
    </ClInclude>
    <ClInclude Include="Bol.hpp">
      <Filter>Header Files\Objects\Test</Filter>
    </ClInclude>
    <ClInclude Include="FPSCounter.hpp">
      <Filter>Header Files\Objects\Test</Filter>
    </ClInclude>
    <ClInclude Include="Scene.hpp">
      <Filter>Header Files</Filter>
    </ClInclude>
    <ClInclude Include="Object.hpp">
      <Filter>Header Files\Objects</Filter>
    </ClInclude>
    <ClInclude Include="Config.hpp">
      <Filter>Header Files</Filter>
    </ClInclude>
    <ClInclude Include="SpineTest.hpp">
      <Filter>Header Files\Objects\Test</Filter>
    </ClInclude>
  </ItemGroup>
</Project>